
Microsoft Visual Studio Solution File, Format Version 12.00
# Visual Studio Version 17
VisualStudioVersion = 17.3.32922.545
MinimumVisualStudioVersion = 10.0.40219.1
Project("{2150E333-8FDC-42A3-9474-1A3956D46DE8}") = "HealthCenterStructureDomainService", "HealthCenterStructureDomainService", "{CC038CDA-352E-486F-8994-51E345B60EE9}"
EndProject
Project("{2150E333-8FDC-42A3-9474-1A3956D46DE8}") = "Tests", "Tests", "{1CC1B0D3-2AE9-4884-9D69-28FECADACE98}"
EndProject
Project("{2150E333-8FDC-42A3-9474-1A3956D46DE8}") = "API", "API", "{12286558-547F-4E60-BBA4-806E79BEC22B}"
EndProject
Project("{2150E333-8FDC-42A3-9474-1A3956D46DE8}") = "AppointmentDomainService", "AppointmentDomainService", "{02BEBE8E-6CA3-4AB5-B214-9F2FEACCA40C}"
EndProject
Project("{2150E333-8FDC-42A3-9474-1A3956D46DE8}") = "Tests", "Tests", "{A9E4EA79-19BD-4C88-B762-9A186C5B8553}"
EndProject
Project("{9A19103F-16F7-4668-BE54-9A1E7A4F7556}") = "WebAPI.Tests", "AppointmentDomainService\Tests\WebAPI.Tests\WebAPI.Tests.csproj", "{3207BDD2-C843-44F4-BB91-E7D30F291107}"
EndProject
Project("{9A19103F-16F7-4668-BE54-9A1E7A4F7556}") = "Core", "AppointmentDomainService\Core\Core.csproj", "{98725FBF-DF5A-4BCA-A053-65DD24179035}"
EndProject
Project("{9A19103F-16F7-4668-BE54-9A1E7A4F7556}") = "MigrationEfCore", "AppointmentDomainService\MigrationEfCore\MigrationEfCore.csproj", "{08374335-1C2A-4E1C-A83F-E3500F27E7FF}"
EndProject
Project("{9A19103F-16F7-4668-BE54-9A1E7A4F7556}") = "AppointmentDomainService.WebAPI", "AppointmentDomainService\AppointmentDomainService.WebAPI\AppointmentDomainService.WebAPI.csproj", "{4D116B70-3626-4119-813C-5C98E9810159}"
EndProject
Project("{9A19103F-16F7-4668-BE54-9A1E7A4F7556}") = "WebAPI.IntegrationTests", "AppointmentDomainService\Tests\WebAPI.IntegrationTests\WebAPI.IntegrationTests.csproj", "{B7465BBD-3C1D-4D8E-A0AA-0B8B9D3E18BF}"
EndProject
Project("{2150E333-8FDC-42A3-9474-1A3956D46DE8}") = "WebClientBffService", "WebClientBffService", "{E0FAFA42-0F00-4E7F-855A-AB6729238F6E}"
EndProject
Project("{9A19103F-16F7-4668-BE54-9A1E7A4F7556}") = "WebClientBffService.WebAPI", "WebClientBffService\WebClientBffService.WebAPI\WebClientBffService.WebAPI.csproj", "{4D6337F2-168A-40B3-A57A-12F24C6E1F26}"
EndProject
Project("{2150E333-8FDC-42A3-9474-1A3956D46DE8}") = "API", "API", "{63AACCE0-1650-471F-A369-186EAA78ECA2}"
EndProject
Project("{9A19103F-16F7-4668-BE54-9A1E7A4F7556}") = "API.Common", "AppointmentDomainService\API\API.Common\API.Common.csproj", "{C43B278A-F980-432A-8229-0779EA59C37F}"
EndProject
Project("{2150E333-8FDC-42A3-9474-1A3956D46DE8}") = "API", "API", "{08AFA2A5-88C1-4D20-8EE6-0F2048B4D0D2}"
EndProject
Project("{9A19103F-16F7-4668-BE54-9A1E7A4F7556}") = "API", "WebClientBffService\API\API\API.csproj", "{99DE2753-A71C-4F9F-B523-AFA5BA301D9D}"
EndProject
Project("{2150E333-8FDC-42A3-9474-1A3956D46DE8}") = "Tests", "Tests", "{620FEFDF-7FB0-4306-8605-D7712CFD38CF}"
EndProject
Project("{9A19103F-16F7-4668-BE54-9A1E7A4F7556}") = "WebAPI.Tests", "WebClientBffService\Tests\WebAPI.Tests\WebAPI.Tests.csproj", "{5BD62731-5BF1-4B7B-9F50-4348FE3B8D12}"
EndProject
Project("{9A19103F-16F7-4668-BE54-9A1E7A4F7556}") = "WebAPI.IntegrationTests", "WebClientBffService\Tests\WebAPI.IntegrationTests\WebAPI.IntegrationTests.csproj", "{6DBB3B01-1330-407C-A639-689057CB5AFB}"
EndProject
Project("{2150E333-8FDC-42A3-9474-1A3956D46DE8}") = "MobileClientBffService", "MobileClientBffService", "{AB02B75F-9363-409B-A447-B073FFAD7C4D}"
EndProject
Project("{2150E333-8FDC-42A3-9474-1A3956D46DE8}") = "API", "API", "{EFB433AD-F6FF-4A22-B917-A2505FE86B16}"
EndProject
Project("{2150E333-8FDC-42A3-9474-1A3956D46DE8}") = "Tests", "Tests", "{156886F4-BA89-4CED-BF81-6C873E6B9F2E}"
EndProject
Project("{9A19103F-16F7-4668-BE54-9A1E7A4F7556}") = "MobileClientBffService.WebAPI", "MobileClientBffService\MobileClientBffService.WebAPI\MobileClientBffService.WebAPI.csproj", "{DBFB1405-5A21-4435-A058-CDD5E6A56FA1}"
EndProject
Project("{9A19103F-16F7-4668-BE54-9A1E7A4F7556}") = "API", "MobileClientBffService\API\API\API.csproj", "{620EA5F2-E96A-443B-BD6F-AACD31D10124}"
EndProject
Project("{9A19103F-16F7-4668-BE54-9A1E7A4F7556}") = "WebAPI.Tests", "MobileClientBffService\Tests\WebAPI.Tests\WebAPI.Tests.csproj", "{51179E4F-F786-4A8C-838C-B451AD1DA24C}"
EndProject
Project("{9A19103F-16F7-4668-BE54-9A1E7A4F7556}") = "WebAPI.IntegrationTests", "MobileClientBffService\Tests\WebAPI.IntegrationTests\WebAPI.IntegrationTests.csproj", "{526D93F7-3828-4960-AD8E-31552EB24A24}"
EndProject
Project("{2150E333-8FDC-42A3-9474-1A3956D46DE8}") = "VideoConfIntegrService", "VideoConfIntegrService", "{F035670F-EAE6-43E2-97E5-DB57F677D4DD}"
EndProject
Project("{2150E333-8FDC-42A3-9474-1A3956D46DE8}") = "Tests", "Tests", "{4F73E07A-55E9-4AFD-AA81-5B2E21820AED}"
EndProject
Project("{9A19103F-16F7-4668-BE54-9A1E7A4F7556}") = "WebAPI.Tests", "VideoConfIntegrService\Tests\WebAPI.Tests\WebAPI.Tests.csproj", "{3E12F708-0976-43B5-BE32-6CDB1064FE52}"
EndProject
Project("{9A19103F-16F7-4668-BE54-9A1E7A4F7556}") = "WebAPI.IntegrationTests", "VideoConfIntegrService\Tests\WebAPI.IntegrationTests\WebAPI.IntegrationTests.csproj", "{7CEFF81B-5EAB-4111-BC31-ECDD082C2771}"
EndProject
Project("{9A19103F-16F7-4668-BE54-9A1E7A4F7556}") = "VideoConfIntegrService.WebAPI", "VideoConfIntegrService\VideoConfIntegrService.WebAPI\VideoConfIntegrService.WebAPI.csproj", "{D2183F7C-A1D9-44BC-AA1B-A9D39247724E}"
EndProject
Project("{2150E333-8FDC-42A3-9474-1A3956D46DE8}") = "HealthMeasurementDomainService", "HealthMeasurementDomainService", "{EB64E989-A186-4B6F-B426-A83433F19273}"
EndProject
Project("{2150E333-8FDC-42A3-9474-1A3956D46DE8}") = "API", "API", "{53EEDC56-DC57-421B-A1AA-6993E605F490}"
EndProject
Project("{2150E333-8FDC-42A3-9474-1A3956D46DE8}") = "Tests", "Tests", "{03F34CA3-C517-4BFC-AE8C-69E05635BC5D}"
EndProject
Project("{9A19103F-16F7-4668-BE54-9A1E7A4F7556}") = "WebAPI.IntegrationTests", "HealthMeasurementDomainService\Tests\WebAPI.IntegrationTests\WebAPI.IntegrationTests.csproj", "{E4A047B6-95C2-48DD-8D8E-100E344457AB}"
EndProject
Project("{9A19103F-16F7-4668-BE54-9A1E7A4F7556}") = "WebAPI.Tests", "HealthMeasurementDomainService\Tests\WebAPI.Tests\WebAPI.Tests.csproj", "{E6DEA810-80E9-4783-923F-60CC6E25AC76}"
EndProject
Project("{9A19103F-16F7-4668-BE54-9A1E7A4F7556}") = "API.Common", "HealthMeasurementDomainService\API\API.Common\API.Common.csproj", "{A4615BB7-8305-4F0D-8C2F-AD2F613070CF}"
EndProject
Project("{9A19103F-16F7-4668-BE54-9A1E7A4F7556}") = "HealthMeasurementDomainService.WebAPI", "HealthMeasurementDomainService\HealthMeasurementDomainService.WebAPI\HealthMeasurementDomainService.WebAPI.csproj", "{4AC40B47-0E7C-4655-98C4-07FF7EA228D5}"
EndProject
Project("{9A19103F-16F7-4668-BE54-9A1E7A4F7556}") = "MigrationEfCore", "HealthMeasurementDomainService\MigrationEfCore\MigrationEfCore.csproj", "{5CCE2FBC-7F2F-4ED3-88F1-68A9A803EA77}"
EndProject
Project("{9A19103F-16F7-4668-BE54-9A1E7A4F7556}") = "Core", "HealthMeasurementDomainService\Core\Core.csproj", "{9E94BBD8-8285-4E84-A8D5-67ACA19B4A51}"
EndProject
Project("{9A19103F-16F7-4668-BE54-9A1E7A4F7556}") = "DAL", "HealthMeasurementDomainService\DAL\DAL.csproj", "{33B859E3-D358-4D20-AFC4-2317BBFF2EB6}"
EndProject
Project("{9A19103F-16F7-4668-BE54-9A1E7A4F7556}") = "API.IntegrationEvents", "AppointmentDomainService\API\API.IntegrationEvents\API.IntegrationEvents.csproj", "{92E4ED2F-841F-426B-B40E-31D0CD289A54}"
EndProject
Project("{2150E333-8FDC-42A3-9474-1A3956D46DE8}") = "API", "API", "{5355D4B2-BB45-49C5-A2E1-5D7C15BF4C27}"
EndProject
Project("{9A19103F-16F7-4668-BE54-9A1E7A4F7556}") = "API.Common", "VideoConfIntegrService\API\API.Common\API.Common.csproj", "{FFB1BC63-DBA2-4B1D-BC2F-90C61C67E521}"
EndProject
Project("{9A19103F-16F7-4668-BE54-9A1E7A4F7556}") = "Core", "VideoConfIntegrService\Core\Core.csproj", "{4667CCB7-9AEB-40FC-92AD-FDCCF633D2DB}"
EndProject
Project("{9A19103F-16F7-4668-BE54-9A1E7A4F7556}") = "DAL", "VideoConfIntegrService\DAL\DAL.csproj", "{E793EAC1-348C-4A53-B778-463CC5DE4EA8}"
EndProject
Project("{9A19103F-16F7-4668-BE54-9A1E7A4F7556}") = "MigrationEfCore", "VideoConfIntegrService\MigrationEfCore\MigrationEfCore.csproj", "{22B817DC-EC9D-4332-8893-A44C9CFA1637}"
EndProject
Project("{9A19103F-16F7-4668-BE54-9A1E7A4F7556}") = "Tests.Core", "VideoConfIntegrService\Tests\Tests.Core\Tests.Core.csproj", "{CCD27FE8-2455-4176-96C3-524550D10BA5}"
EndProject
Project("{9A19103F-16F7-4668-BE54-9A1E7A4F7556}") = "API.Common", "HealthCenterStructureDomainService\API\API.Common\API.Common.csproj", "{90221779-AD15-444E-A289-7AC20F6F244E}"
EndProject
Project("{9A19103F-16F7-4668-BE54-9A1E7A4F7556}") = "Tests.Core", "HealthCenterStructureDomainService\Tests\Tests.Core\Tests.Core.csproj", "{028A32F3-3D45-47D1-B228-1B1371449F11}"
EndProject
Project("{9A19103F-16F7-4668-BE54-9A1E7A4F7556}") = "WebAPI.IntegrationTests", "HealthCenterStructureDomainService\Tests\WebAPI.IntegrationTests\WebAPI.IntegrationTests.csproj", "{5F90EC2D-409A-4626-9850-E66AA81FC66B}"
EndProject
Project("{9A19103F-16F7-4668-BE54-9A1E7A4F7556}") = "WebAPI.Tests", "HealthCenterStructureDomainService\Tests\WebAPI.Tests\WebAPI.Tests.csproj", "{37E9143F-8B66-4C08-9F09-8C38F3368373}"
EndProject
Project("{9A19103F-16F7-4668-BE54-9A1E7A4F7556}") = "Common", "HealthCenterStructureDomainService\Common\Common.csproj", "{9DC7F0EC-1571-4932-8066-A2842A583048}"
EndProject
Project("{9A19103F-16F7-4668-BE54-9A1E7A4F7556}") = "Core", "HealthCenterStructureDomainService\Core\Core.csproj", "{23FA081A-C4ED-4497-B93B-5D0C0BA75261}"
EndProject
Project("{9A19103F-16F7-4668-BE54-9A1E7A4F7556}") = "DAL", "HealthCenterStructureDomainService\DAL\DAL.csproj", "{DE3D7D8B-CE25-4AE6-8950-E7264858964C}"
EndProject
Project("{9A19103F-16F7-4668-BE54-9A1E7A4F7556}") = "MigrationEfCore", "HealthCenterStructureDomainService\MigrationEfCore\MigrationEfCore.csproj", "{49CFCD51-EF32-4E87-B4BB-2D46265B31AC}"
EndProject
Project("{9A19103F-16F7-4668-BE54-9A1E7A4F7556}") = "HealthCenterStructureDomainService.WebAPI", "HealthCenterStructureDomainService\HealthCenterStructureDomainService.WebAPI\HealthCenterStructureDomainService.WebAPI.csproj", "{BE9B2288-E358-488A-8008-FAF3F6BE8C1D}"
EndProject
Global
	GlobalSection(SolutionConfigurationPlatforms) = preSolution
		Debug|Any CPU = Debug|Any CPU
		Release|Any CPU = Release|Any CPU
	EndGlobalSection
	GlobalSection(ProjectConfigurationPlatforms) = postSolution
		{3207BDD2-C843-44F4-BB91-E7D30F291107}.Debug|Any CPU.ActiveCfg = Debug|Any CPU
		{3207BDD2-C843-44F4-BB91-E7D30F291107}.Debug|Any CPU.Build.0 = Debug|Any CPU
		{3207BDD2-C843-44F4-BB91-E7D30F291107}.Release|Any CPU.ActiveCfg = Release|Any CPU
		{3207BDD2-C843-44F4-BB91-E7D30F291107}.Release|Any CPU.Build.0 = Release|Any CPU
		{98725FBF-DF5A-4BCA-A053-65DD24179035}.Debug|Any CPU.ActiveCfg = Debug|Any CPU
		{98725FBF-DF5A-4BCA-A053-65DD24179035}.Debug|Any CPU.Build.0 = Debug|Any CPU
		{98725FBF-DF5A-4BCA-A053-65DD24179035}.Release|Any CPU.ActiveCfg = Release|Any CPU
		{98725FBF-DF5A-4BCA-A053-65DD24179035}.Release|Any CPU.Build.0 = Release|Any CPU
		{08374335-1C2A-4E1C-A83F-E3500F27E7FF}.Debug|Any CPU.ActiveCfg = Debug|Any CPU
		{08374335-1C2A-4E1C-A83F-E3500F27E7FF}.Debug|Any CPU.Build.0 = Debug|Any CPU
		{08374335-1C2A-4E1C-A83F-E3500F27E7FF}.Release|Any CPU.ActiveCfg = Release|Any CPU
		{08374335-1C2A-4E1C-A83F-E3500F27E7FF}.Release|Any CPU.Build.0 = Release|Any CPU
		{4D116B70-3626-4119-813C-5C98E9810159}.Debug|Any CPU.ActiveCfg = Debug|Any CPU
		{4D116B70-3626-4119-813C-5C98E9810159}.Debug|Any CPU.Build.0 = Debug|Any CPU
		{4D116B70-3626-4119-813C-5C98E9810159}.Release|Any CPU.ActiveCfg = Release|Any CPU
		{4D116B70-3626-4119-813C-5C98E9810159}.Release|Any CPU.Build.0 = Release|Any CPU
		{B7465BBD-3C1D-4D8E-A0AA-0B8B9D3E18BF}.Debug|Any CPU.ActiveCfg = Debug|Any CPU
		{B7465BBD-3C1D-4D8E-A0AA-0B8B9D3E18BF}.Debug|Any CPU.Build.0 = Debug|Any CPU
		{B7465BBD-3C1D-4D8E-A0AA-0B8B9D3E18BF}.Release|Any CPU.ActiveCfg = Release|Any CPU
		{B7465BBD-3C1D-4D8E-A0AA-0B8B9D3E18BF}.Release|Any CPU.Build.0 = Release|Any CPU
		{4D6337F2-168A-40B3-A57A-12F24C6E1F26}.Debug|Any CPU.ActiveCfg = Debug|Any CPU
		{4D6337F2-168A-40B3-A57A-12F24C6E1F26}.Debug|Any CPU.Build.0 = Debug|Any CPU
		{4D6337F2-168A-40B3-A57A-12F24C6E1F26}.Release|Any CPU.ActiveCfg = Release|Any CPU
		{4D6337F2-168A-40B3-A57A-12F24C6E1F26}.Release|Any CPU.Build.0 = Release|Any CPU
		{C43B278A-F980-432A-8229-0779EA59C37F}.Debug|Any CPU.ActiveCfg = Debug|Any CPU
		{C43B278A-F980-432A-8229-0779EA59C37F}.Debug|Any CPU.Build.0 = Debug|Any CPU
		{C43B278A-F980-432A-8229-0779EA59C37F}.Release|Any CPU.ActiveCfg = Release|Any CPU
		{C43B278A-F980-432A-8229-0779EA59C37F}.Release|Any CPU.Build.0 = Release|Any CPU
		{99DE2753-A71C-4F9F-B523-AFA5BA301D9D}.Debug|Any CPU.ActiveCfg = Debug|Any CPU
		{99DE2753-A71C-4F9F-B523-AFA5BA301D9D}.Debug|Any CPU.Build.0 = Debug|Any CPU
		{99DE2753-A71C-4F9F-B523-AFA5BA301D9D}.Release|Any CPU.ActiveCfg = Release|Any CPU
		{99DE2753-A71C-4F9F-B523-AFA5BA301D9D}.Release|Any CPU.Build.0 = Release|Any CPU
		{5BD62731-5BF1-4B7B-9F50-4348FE3B8D12}.Debug|Any CPU.ActiveCfg = Debug|Any CPU
		{5BD62731-5BF1-4B7B-9F50-4348FE3B8D12}.Debug|Any CPU.Build.0 = Debug|Any CPU
		{5BD62731-5BF1-4B7B-9F50-4348FE3B8D12}.Release|Any CPU.ActiveCfg = Release|Any CPU
		{5BD62731-5BF1-4B7B-9F50-4348FE3B8D12}.Release|Any CPU.Build.0 = Release|Any CPU
		{6DBB3B01-1330-407C-A639-689057CB5AFB}.Debug|Any CPU.ActiveCfg = Debug|Any CPU
		{6DBB3B01-1330-407C-A639-689057CB5AFB}.Debug|Any CPU.Build.0 = Debug|Any CPU
		{6DBB3B01-1330-407C-A639-689057CB5AFB}.Release|Any CPU.ActiveCfg = Release|Any CPU
		{6DBB3B01-1330-407C-A639-689057CB5AFB}.Release|Any CPU.Build.0 = Release|Any CPU
		{DBFB1405-5A21-4435-A058-CDD5E6A56FA1}.Debug|Any CPU.ActiveCfg = Debug|Any CPU
		{DBFB1405-5A21-4435-A058-CDD5E6A56FA1}.Debug|Any CPU.Build.0 = Debug|Any CPU
		{DBFB1405-5A21-4435-A058-CDD5E6A56FA1}.Release|Any CPU.ActiveCfg = Release|Any CPU
		{DBFB1405-5A21-4435-A058-CDD5E6A56FA1}.Release|Any CPU.Build.0 = Release|Any CPU
		{620EA5F2-E96A-443B-BD6F-AACD31D10124}.Debug|Any CPU.ActiveCfg = Debug|Any CPU
		{620EA5F2-E96A-443B-BD6F-AACD31D10124}.Debug|Any CPU.Build.0 = Debug|Any CPU
		{620EA5F2-E96A-443B-BD6F-AACD31D10124}.Release|Any CPU.ActiveCfg = Release|Any CPU
		{620EA5F2-E96A-443B-BD6F-AACD31D10124}.Release|Any CPU.Build.0 = Release|Any CPU
		{51179E4F-F786-4A8C-838C-B451AD1DA24C}.Debug|Any CPU.ActiveCfg = Debug|Any CPU
		{51179E4F-F786-4A8C-838C-B451AD1DA24C}.Debug|Any CPU.Build.0 = Debug|Any CPU
		{51179E4F-F786-4A8C-838C-B451AD1DA24C}.Release|Any CPU.ActiveCfg = Release|Any CPU
		{51179E4F-F786-4A8C-838C-B451AD1DA24C}.Release|Any CPU.Build.0 = Release|Any CPU
		{526D93F7-3828-4960-AD8E-31552EB24A24}.Debug|Any CPU.ActiveCfg = Debug|Any CPU
		{526D93F7-3828-4960-AD8E-31552EB24A24}.Debug|Any CPU.Build.0 = Debug|Any CPU
		{526D93F7-3828-4960-AD8E-31552EB24A24}.Release|Any CPU.ActiveCfg = Release|Any CPU
		{526D93F7-3828-4960-AD8E-31552EB24A24}.Release|Any CPU.Build.0 = Release|Any CPU
		{3E12F708-0976-43B5-BE32-6CDB1064FE52}.Debug|Any CPU.ActiveCfg = Debug|Any CPU
		{3E12F708-0976-43B5-BE32-6CDB1064FE52}.Debug|Any CPU.Build.0 = Debug|Any CPU
		{3E12F708-0976-43B5-BE32-6CDB1064FE52}.Release|Any CPU.ActiveCfg = Release|Any CPU
		{3E12F708-0976-43B5-BE32-6CDB1064FE52}.Release|Any CPU.Build.0 = Release|Any CPU
		{7CEFF81B-5EAB-4111-BC31-ECDD082C2771}.Debug|Any CPU.ActiveCfg = Debug|Any CPU
		{7CEFF81B-5EAB-4111-BC31-ECDD082C2771}.Debug|Any CPU.Build.0 = Debug|Any CPU
		{7CEFF81B-5EAB-4111-BC31-ECDD082C2771}.Release|Any CPU.ActiveCfg = Release|Any CPU
		{7CEFF81B-5EAB-4111-BC31-ECDD082C2771}.Release|Any CPU.Build.0 = Release|Any CPU
		{D2183F7C-A1D9-44BC-AA1B-A9D39247724E}.Debug|Any CPU.ActiveCfg = Debug|Any CPU
		{D2183F7C-A1D9-44BC-AA1B-A9D39247724E}.Debug|Any CPU.Build.0 = Debug|Any CPU
		{D2183F7C-A1D9-44BC-AA1B-A9D39247724E}.Release|Any CPU.ActiveCfg = Release|Any CPU
		{D2183F7C-A1D9-44BC-AA1B-A9D39247724E}.Release|Any CPU.Build.0 = Release|Any CPU
		{E4A047B6-95C2-48DD-8D8E-100E344457AB}.Debug|Any CPU.ActiveCfg = Debug|Any CPU
		{E4A047B6-95C2-48DD-8D8E-100E344457AB}.Debug|Any CPU.Build.0 = Debug|Any CPU
		{E4A047B6-95C2-48DD-8D8E-100E344457AB}.Release|Any CPU.ActiveCfg = Release|Any CPU
		{E4A047B6-95C2-48DD-8D8E-100E344457AB}.Release|Any CPU.Build.0 = Release|Any CPU
		{E6DEA810-80E9-4783-923F-60CC6E25AC76}.Debug|Any CPU.ActiveCfg = Debug|Any CPU
		{E6DEA810-80E9-4783-923F-60CC6E25AC76}.Debug|Any CPU.Build.0 = Debug|Any CPU
		{E6DEA810-80E9-4783-923F-60CC6E25AC76}.Release|Any CPU.ActiveCfg = Release|Any CPU
		{E6DEA810-80E9-4783-923F-60CC6E25AC76}.Release|Any CPU.Build.0 = Release|Any CPU
		{A4615BB7-8305-4F0D-8C2F-AD2F613070CF}.Debug|Any CPU.ActiveCfg = Debug|Any CPU
		{A4615BB7-8305-4F0D-8C2F-AD2F613070CF}.Debug|Any CPU.Build.0 = Debug|Any CPU
		{A4615BB7-8305-4F0D-8C2F-AD2F613070CF}.Release|Any CPU.ActiveCfg = Release|Any CPU
		{A4615BB7-8305-4F0D-8C2F-AD2F613070CF}.Release|Any CPU.Build.0 = Release|Any CPU
		{4AC40B47-0E7C-4655-98C4-07FF7EA228D5}.Debug|Any CPU.ActiveCfg = Debug|Any CPU
		{4AC40B47-0E7C-4655-98C4-07FF7EA228D5}.Debug|Any CPU.Build.0 = Debug|Any CPU
		{4AC40B47-0E7C-4655-98C4-07FF7EA228D5}.Release|Any CPU.ActiveCfg = Release|Any CPU
		{4AC40B47-0E7C-4655-98C4-07FF7EA228D5}.Release|Any CPU.Build.0 = Release|Any CPU
		{5CCE2FBC-7F2F-4ED3-88F1-68A9A803EA77}.Debug|Any CPU.ActiveCfg = Debug|Any CPU
		{5CCE2FBC-7F2F-4ED3-88F1-68A9A803EA77}.Debug|Any CPU.Build.0 = Debug|Any CPU
		{5CCE2FBC-7F2F-4ED3-88F1-68A9A803EA77}.Release|Any CPU.ActiveCfg = Release|Any CPU
		{5CCE2FBC-7F2F-4ED3-88F1-68A9A803EA77}.Release|Any CPU.Build.0 = Release|Any CPU
		{9E94BBD8-8285-4E84-A8D5-67ACA19B4A51}.Debug|Any CPU.ActiveCfg = Debug|Any CPU
		{9E94BBD8-8285-4E84-A8D5-67ACA19B4A51}.Debug|Any CPU.Build.0 = Debug|Any CPU
		{9E94BBD8-8285-4E84-A8D5-67ACA19B4A51}.Release|Any CPU.ActiveCfg = Release|Any CPU
		{9E94BBD8-8285-4E84-A8D5-67ACA19B4A51}.Release|Any CPU.Build.0 = Release|Any CPU
		{33B859E3-D358-4D20-AFC4-2317BBFF2EB6}.Debug|Any CPU.ActiveCfg = Debug|Any CPU
		{33B859E3-D358-4D20-AFC4-2317BBFF2EB6}.Debug|Any CPU.Build.0 = Debug|Any CPU
		{33B859E3-D358-4D20-AFC4-2317BBFF2EB6}.Release|Any CPU.ActiveCfg = Release|Any CPU
		{33B859E3-D358-4D20-AFC4-2317BBFF2EB6}.Release|Any CPU.Build.0 = Release|Any CPU
		{92E4ED2F-841F-426B-B40E-31D0CD289A54}.Debug|Any CPU.ActiveCfg = Debug|Any CPU
		{92E4ED2F-841F-426B-B40E-31D0CD289A54}.Debug|Any CPU.Build.0 = Debug|Any CPU
		{92E4ED2F-841F-426B-B40E-31D0CD289A54}.Release|Any CPU.ActiveCfg = Release|Any CPU
		{92E4ED2F-841F-426B-B40E-31D0CD289A54}.Release|Any CPU.Build.0 = Release|Any CPU
		{FFB1BC63-DBA2-4B1D-BC2F-90C61C67E521}.Debug|Any CPU.ActiveCfg = Debug|Any CPU
		{FFB1BC63-DBA2-4B1D-BC2F-90C61C67E521}.Debug|Any CPU.Build.0 = Debug|Any CPU
		{FFB1BC63-DBA2-4B1D-BC2F-90C61C67E521}.Release|Any CPU.ActiveCfg = Release|Any CPU
		{FFB1BC63-DBA2-4B1D-BC2F-90C61C67E521}.Release|Any CPU.Build.0 = Release|Any CPU
		{4667CCB7-9AEB-40FC-92AD-FDCCF633D2DB}.Debug|Any CPU.ActiveCfg = Debug|Any CPU
		{4667CCB7-9AEB-40FC-92AD-FDCCF633D2DB}.Debug|Any CPU.Build.0 = Debug|Any CPU
		{4667CCB7-9AEB-40FC-92AD-FDCCF633D2DB}.Release|Any CPU.ActiveCfg = Release|Any CPU
		{4667CCB7-9AEB-40FC-92AD-FDCCF633D2DB}.Release|Any CPU.Build.0 = Release|Any CPU
		{E793EAC1-348C-4A53-B778-463CC5DE4EA8}.Debug|Any CPU.ActiveCfg = Debug|Any CPU
		{E793EAC1-348C-4A53-B778-463CC5DE4EA8}.Debug|Any CPU.Build.0 = Debug|Any CPU
		{E793EAC1-348C-4A53-B778-463CC5DE4EA8}.Release|Any CPU.ActiveCfg = Release|Any CPU
		{E793EAC1-348C-4A53-B778-463CC5DE4EA8}.Release|Any CPU.Build.0 = Release|Any CPU
		{22B817DC-EC9D-4332-8893-A44C9CFA1637}.Debug|Any CPU.ActiveCfg = Debug|Any CPU
		{22B817DC-EC9D-4332-8893-A44C9CFA1637}.Debug|Any CPU.Build.0 = Debug|Any CPU
		{22B817DC-EC9D-4332-8893-A44C9CFA1637}.Release|Any CPU.ActiveCfg = Release|Any CPU
		{22B817DC-EC9D-4332-8893-A44C9CFA1637}.Release|Any CPU.Build.0 = Release|Any CPU
		{CCD27FE8-2455-4176-96C3-524550D10BA5}.Debug|Any CPU.ActiveCfg = Debug|Any CPU
		{CCD27FE8-2455-4176-96C3-524550D10BA5}.Debug|Any CPU.Build.0 = Debug|Any CPU
		{CCD27FE8-2455-4176-96C3-524550D10BA5}.Release|Any CPU.ActiveCfg = Release|Any CPU
		{CCD27FE8-2455-4176-96C3-524550D10BA5}.Release|Any CPU.Build.0 = Release|Any CPU
		{90221779-AD15-444E-A289-7AC20F6F244E}.Debug|Any CPU.ActiveCfg = Debug|Any CPU
		{90221779-AD15-444E-A289-7AC20F6F244E}.Debug|Any CPU.Build.0 = Debug|Any CPU
		{90221779-AD15-444E-A289-7AC20F6F244E}.Release|Any CPU.ActiveCfg = Release|Any CPU
		{90221779-AD15-444E-A289-7AC20F6F244E}.Release|Any CPU.Build.0 = Release|Any CPU
		{028A32F3-3D45-47D1-B228-1B1371449F11}.Debug|Any CPU.ActiveCfg = Debug|Any CPU
		{028A32F3-3D45-47D1-B228-1B1371449F11}.Debug|Any CPU.Build.0 = Debug|Any CPU
		{028A32F3-3D45-47D1-B228-1B1371449F11}.Release|Any CPU.ActiveCfg = Release|Any CPU
		{028A32F3-3D45-47D1-B228-1B1371449F11}.Release|Any CPU.Build.0 = Release|Any CPU
		{5F90EC2D-409A-4626-9850-E66AA81FC66B}.Debug|Any CPU.ActiveCfg = Debug|Any CPU
		{5F90EC2D-409A-4626-9850-E66AA81FC66B}.Debug|Any CPU.Build.0 = Debug|Any CPU
		{5F90EC2D-409A-4626-9850-E66AA81FC66B}.Release|Any CPU.ActiveCfg = Release|Any CPU
		{5F90EC2D-409A-4626-9850-E66AA81FC66B}.Release|Any CPU.Build.0 = Release|Any CPU
		{37E9143F-8B66-4C08-9F09-8C38F3368373}.Debug|Any CPU.ActiveCfg = Debug|Any CPU
		{37E9143F-8B66-4C08-9F09-8C38F3368373}.Debug|Any CPU.Build.0 = Debug|Any CPU
		{37E9143F-8B66-4C08-9F09-8C38F3368373}.Release|Any CPU.ActiveCfg = Release|Any CPU
		{37E9143F-8B66-4C08-9F09-8C38F3368373}.Release|Any CPU.Build.0 = Release|Any CPU
		{9DC7F0EC-1571-4932-8066-A2842A583048}.Debug|Any CPU.ActiveCfg = Debug|Any CPU
		{9DC7F0EC-1571-4932-8066-A2842A583048}.Debug|Any CPU.Build.0 = Debug|Any CPU
		{9DC7F0EC-1571-4932-8066-A2842A583048}.Release|Any CPU.ActiveCfg = Release|Any CPU
		{9DC7F0EC-1571-4932-8066-A2842A583048}.Release|Any CPU.Build.0 = Release|Any CPU
		{23FA081A-C4ED-4497-B93B-5D0C0BA75261}.Debug|Any CPU.ActiveCfg = Debug|Any CPU
		{23FA081A-C4ED-4497-B93B-5D0C0BA75261}.Debug|Any CPU.Build.0 = Debug|Any CPU
		{23FA081A-C4ED-4497-B93B-5D0C0BA75261}.Release|Any CPU.ActiveCfg = Release|Any CPU
		{23FA081A-C4ED-4497-B93B-5D0C0BA75261}.Release|Any CPU.Build.0 = Release|Any CPU
		{DE3D7D8B-CE25-4AE6-8950-E7264858964C}.Debug|Any CPU.ActiveCfg = Debug|Any CPU
		{DE3D7D8B-CE25-4AE6-8950-E7264858964C}.Debug|Any CPU.Build.0 = Debug|Any CPU
		{DE3D7D8B-CE25-4AE6-8950-E7264858964C}.Release|Any CPU.ActiveCfg = Release|Any CPU
		{DE3D7D8B-CE25-4AE6-8950-E7264858964C}.Release|Any CPU.Build.0 = Release|Any CPU
		{49CFCD51-EF32-4E87-B4BB-2D46265B31AC}.Debug|Any CPU.ActiveCfg = Debug|Any CPU
		{49CFCD51-EF32-4E87-B4BB-2D46265B31AC}.Debug|Any CPU.Build.0 = Debug|Any CPU
		{49CFCD51-EF32-4E87-B4BB-2D46265B31AC}.Release|Any CPU.ActiveCfg = Release|Any CPU
		{49CFCD51-EF32-4E87-B4BB-2D46265B31AC}.Release|Any CPU.Build.0 = Release|Any CPU
		{BE9B2288-E358-488A-8008-FAF3F6BE8C1D}.Debug|Any CPU.ActiveCfg = Debug|Any CPU
		{BE9B2288-E358-488A-8008-FAF3F6BE8C1D}.Debug|Any CPU.Build.0 = Debug|Any CPU
		{BE9B2288-E358-488A-8008-FAF3F6BE8C1D}.Release|Any CPU.ActiveCfg = Release|Any CPU
		{BE9B2288-E358-488A-8008-FAF3F6BE8C1D}.Release|Any CPU.Build.0 = Release|Any CPU
	EndGlobalSection
	GlobalSection(SolutionProperties) = preSolution
		HideSolutionNode = FALSE
	EndGlobalSection
	GlobalSection(NestedProjects) = preSolution
		{1CC1B0D3-2AE9-4884-9D69-28FECADACE98} = {CC038CDA-352E-486F-8994-51E345B60EE9}
		{12286558-547F-4E60-BBA4-806E79BEC22B} = {CC038CDA-352E-486F-8994-51E345B60EE9}
		{A9E4EA79-19BD-4C88-B762-9A186C5B8553} = {02BEBE8E-6CA3-4AB5-B214-9F2FEACCA40C}
		{3207BDD2-C843-44F4-BB91-E7D30F291107} = {A9E4EA79-19BD-4C88-B762-9A186C5B8553}
		{98725FBF-DF5A-4BCA-A053-65DD24179035} = {02BEBE8E-6CA3-4AB5-B214-9F2FEACCA40C}
		{08374335-1C2A-4E1C-A83F-E3500F27E7FF} = {02BEBE8E-6CA3-4AB5-B214-9F2FEACCA40C}
		{4D116B70-3626-4119-813C-5C98E9810159} = {02BEBE8E-6CA3-4AB5-B214-9F2FEACCA40C}
		{B7465BBD-3C1D-4D8E-A0AA-0B8B9D3E18BF} = {A9E4EA79-19BD-4C88-B762-9A186C5B8553}
		{4D6337F2-168A-40B3-A57A-12F24C6E1F26} = {E0FAFA42-0F00-4E7F-855A-AB6729238F6E}
		{63AACCE0-1650-471F-A369-186EAA78ECA2} = {02BEBE8E-6CA3-4AB5-B214-9F2FEACCA40C}
		{C43B278A-F980-432A-8229-0779EA59C37F} = {63AACCE0-1650-471F-A369-186EAA78ECA2}
		{08AFA2A5-88C1-4D20-8EE6-0F2048B4D0D2} = {E0FAFA42-0F00-4E7F-855A-AB6729238F6E}
		{99DE2753-A71C-4F9F-B523-AFA5BA301D9D} = {08AFA2A5-88C1-4D20-8EE6-0F2048B4D0D2}
		{620FEFDF-7FB0-4306-8605-D7712CFD38CF} = {E0FAFA42-0F00-4E7F-855A-AB6729238F6E}
		{5BD62731-5BF1-4B7B-9F50-4348FE3B8D12} = {620FEFDF-7FB0-4306-8605-D7712CFD38CF}
		{6DBB3B01-1330-407C-A639-689057CB5AFB} = {620FEFDF-7FB0-4306-8605-D7712CFD38CF}
		{EFB433AD-F6FF-4A22-B917-A2505FE86B16} = {AB02B75F-9363-409B-A447-B073FFAD7C4D}
		{156886F4-BA89-4CED-BF81-6C873E6B9F2E} = {AB02B75F-9363-409B-A447-B073FFAD7C4D}
		{DBFB1405-5A21-4435-A058-CDD5E6A56FA1} = {AB02B75F-9363-409B-A447-B073FFAD7C4D}
		{620EA5F2-E96A-443B-BD6F-AACD31D10124} = {EFB433AD-F6FF-4A22-B917-A2505FE86B16}
		{51179E4F-F786-4A8C-838C-B451AD1DA24C} = {156886F4-BA89-4CED-BF81-6C873E6B9F2E}
		{526D93F7-3828-4960-AD8E-31552EB24A24} = {156886F4-BA89-4CED-BF81-6C873E6B9F2E}
		{4F73E07A-55E9-4AFD-AA81-5B2E21820AED} = {F035670F-EAE6-43E2-97E5-DB57F677D4DD}
		{3E12F708-0976-43B5-BE32-6CDB1064FE52} = {4F73E07A-55E9-4AFD-AA81-5B2E21820AED}
		{7CEFF81B-5EAB-4111-BC31-ECDD082C2771} = {4F73E07A-55E9-4AFD-AA81-5B2E21820AED}
		{D2183F7C-A1D9-44BC-AA1B-A9D39247724E} = {F035670F-EAE6-43E2-97E5-DB57F677D4DD}
		{53EEDC56-DC57-421B-A1AA-6993E605F490} = {EB64E989-A186-4B6F-B426-A83433F19273}
		{03F34CA3-C517-4BFC-AE8C-69E05635BC5D} = {EB64E989-A186-4B6F-B426-A83433F19273}
		{E4A047B6-95C2-48DD-8D8E-100E344457AB} = {03F34CA3-C517-4BFC-AE8C-69E05635BC5D}
		{E6DEA810-80E9-4783-923F-60CC6E25AC76} = {03F34CA3-C517-4BFC-AE8C-69E05635BC5D}
		{A4615BB7-8305-4F0D-8C2F-AD2F613070CF} = {53EEDC56-DC57-421B-A1AA-6993E605F490}
		{4AC40B47-0E7C-4655-98C4-07FF7EA228D5} = {EB64E989-A186-4B6F-B426-A83433F19273}
		{5CCE2FBC-7F2F-4ED3-88F1-68A9A803EA77} = {EB64E989-A186-4B6F-B426-A83433F19273}
		{9E94BBD8-8285-4E84-A8D5-67ACA19B4A51} = {EB64E989-A186-4B6F-B426-A83433F19273}
		{33B859E3-D358-4D20-AFC4-2317BBFF2EB6} = {EB64E989-A186-4B6F-B426-A83433F19273}
		{92E4ED2F-841F-426B-B40E-31D0CD289A54} = {63AACCE0-1650-471F-A369-186EAA78ECA2}
		{5355D4B2-BB45-49C5-A2E1-5D7C15BF4C27} = {F035670F-EAE6-43E2-97E5-DB57F677D4DD}
		{FFB1BC63-DBA2-4B1D-BC2F-90C61C67E521} = {5355D4B2-BB45-49C5-A2E1-5D7C15BF4C27}
		{4667CCB7-9AEB-40FC-92AD-FDCCF633D2DB} = {F035670F-EAE6-43E2-97E5-DB57F677D4DD}
		{E793EAC1-348C-4A53-B778-463CC5DE4EA8} = {F035670F-EAE6-43E2-97E5-DB57F677D4DD}
		{22B817DC-EC9D-4332-8893-A44C9CFA1637} = {F035670F-EAE6-43E2-97E5-DB57F677D4DD}
		{CCD27FE8-2455-4176-96C3-524550D10BA5} = {4F73E07A-55E9-4AFD-AA81-5B2E21820AED}
		{90221779-AD15-444E-A289-7AC20F6F244E} = {12286558-547F-4E60-BBA4-806E79BEC22B}
		{028A32F3-3D45-47D1-B228-1B1371449F11} = {1CC1B0D3-2AE9-4884-9D69-28FECADACE98}
		{5F90EC2D-409A-4626-9850-E66AA81FC66B} = {1CC1B0D3-2AE9-4884-9D69-28FECADACE98}
		{37E9143F-8B66-4C08-9F09-8C38F3368373} = {1CC1B0D3-2AE9-4884-9D69-28FECADACE98}
		{9DC7F0EC-1571-4932-8066-A2842A583048} = {CC038CDA-352E-486F-8994-51E345B60EE9}
		{23FA081A-C4ED-4497-B93B-5D0C0BA75261} = {CC038CDA-352E-486F-8994-51E345B60EE9}
		{DE3D7D8B-CE25-4AE6-8950-E7264858964C} = {CC038CDA-352E-486F-8994-51E345B60EE9}
		{49CFCD51-EF32-4E87-B4BB-2D46265B31AC} = {CC038CDA-352E-486F-8994-51E345B60EE9}
		{BE9B2288-E358-488A-8008-FAF3F6BE8C1D} = {CC038CDA-352E-486F-8994-51E345B60EE9}
	EndGlobalSection
	GlobalSection(ExtensibilityGlobals) = postSolution
		SolutionGuid = {41C7367A-71B7-4419-A93B-222E1307CAC2}
	EndGlobalSection
EndGlobal
