
Microsoft Visual Studio Solution File, Format Version 12.00
# Visual Studio Version 17
VisualStudioVersion = 17.3.32922.545
MinimumVisualStudioVersion = 10.0.40219.1
Project("{2150E333-8FDC-42A3-9474-1A3956D46DE8}") = "ServiceInfrastructure", "ServiceInfrastructure", "{37256B79-8725-447E-8753-F98A71E19C9F}"
EndProject
Project("{2150E333-8FDC-42A3-9474-1A3956D46DE8}") = "DAL", "DAL", "{6D9FE213-8B4F-412C-B95C-091CC1F91090}"
EndProject
Project("{2150E333-8FDC-42A3-9474-1A3956D46DE8}") = "Infrastructure", "Infrastructure", "{6F4D7976-E56F-426E-9D87-9986D8ED51A2}"
EndProject
Project("{9A19103F-16F7-4668-BE54-9A1E7A4F7556}") = "ServiceStartup", "ServiceInfrastructure\ServiceStartup\ServiceStartup.csproj", "{2F77A83B-D472-4AF7-8717-2F5745155E7E}"
EndProject
Project("{9A19103F-16F7-4668-BE54-9A1E7A4F7556}") = "MigrationsEfCoreCommon", "Infrastructure\DAL\MigrationsEfCoreCommon\MigrationsEfCoreCommon.csproj", "{622AAF3C-4783-468E-99E3-34D47AE26FAA}"
EndProject
Project("{2150E333-8FDC-42A3-9474-1A3956D46DE8}") = "Logger", "Logger", "{3DAB07F9-0ACD-4836-A78E-73FDA6DDD5CC}"
EndProject
Project("{9A19103F-16F7-4668-BE54-9A1E7A4F7556}") = "LoggerLibrarySerilogBase", "Infrastructure\Logger\LoggerLibrarySerilogBase\LoggerLibrarySerilogBase.csproj", "{37F20125-3B28-4909-BCE2-1BED02B6DEE7}"
EndProject
Project("{9A19103F-16F7-4668-BE54-9A1E7A4F7556}") = "CommonInfrastructure", "Infrastructure\CommonInfrastructure\CommonInfrastructure.csproj", "{71EBB21B-884D-4FF4-BE9F-E5CB3B6EB911}"
EndProject
Project("{9A19103F-16F7-4668-BE54-9A1E7A4F7556}") = "Testing", "Infrastructure\Testing\Testing.csproj", "{254FAFEB-683D-4877-B416-C67036F58084}"
EndProject
Project("{9A19103F-16F7-4668-BE54-9A1E7A4F7556}") = "WebApiCommon", "ServiceInfrastructure\WebApiCommon\WebApiCommon.csproj", "{456E3E23-E359-47EB-B2BE-C721AB5EFFBC}"
EndProject
Project("{9A19103F-16F7-4668-BE54-9A1E7A4F7556}") = "EfCoreDal", "Infrastructure\DAL\EfCoreDal\EfCoreDal.csproj", "{3C107AFC-146B-4D66-9C07-792A449974C8}"
EndProject
Project("{2150E333-8FDC-42A3-9474-1A3956D46DE8}") = "Tests", "Tests", "{EDC8AE6C-BC3B-430B-B6F5-45E12FB85C89}"
EndProject
Project("{9A19103F-16F7-4668-BE54-9A1E7A4F7556}") = "EfCoreDalTests", "Infrastructure\DAL\Tests\EfCoreDalTests\EfCoreDalTests.csproj", "{79822234-A722-4280-AEC2-9BC86C8346FC}"
EndProject
Project("{9A19103F-16F7-4668-BE54-9A1E7A4F7556}") = "MigrationEfCoreCommonTests", "Infrastructure\DAL\Tests\MigrationEfCoreCommonTests\MigrationEfCoreCommonTests.csproj", "{922527CA-982E-46CB-86A9-331D20B8870B}"
EndProject
Project("{2150E333-8FDC-42A3-9474-1A3956D46DE8}") = "Contracts", "Contracts", "{BC78D3C3-9399-489A-BB2F-5E70F9AC29E6}"
EndProject
Project("{9A19103F-16F7-4668-BE54-9A1E7A4F7556}") = "GlobalContracts", "Contracts\GlobalContracts\GlobalContracts.csproj", "{EE3D2C16-595B-42FB-A52E-701E3E200C10}"
EndProject
Project("{2150E333-8FDC-42A3-9474-1A3956D46DE8}") = "Tests", "Tests", "{87F51DBA-C59B-4045-9BC9-BD9E6529984F}"
EndProject
Project("{9A19103F-16F7-4668-BE54-9A1E7A4F7556}") = "GlobalContractsTests", "Contracts\Tests\GlobalContractsTests\GlobalContractsTests.csproj", "{328A8FFA-3729-435B-A680-D8DCEEE57139}"
EndProject
Project("{2150E333-8FDC-42A3-9474-1A3956D46DE8}") = "Tests", "Tests", "{754B0FD5-E632-4FD0-9ABC-254BACDBA803}"
EndProject
Project("{9A19103F-16F7-4668-BE54-9A1E7A4F7556}") = "PatternsTests", "Infrastructure\Tests\PatternsTests\PatternsTests.csproj", "{C931660C-10F7-49B0-859F-7680431877C5}"
EndProject
Project("{9A19103F-16F7-4668-BE54-9A1E7A4F7556}") = "EntityBase", "Infrastructure\EntityBase\EntityBase.csproj", "{AD3A1CDB-5F18-4845-BF57-A02BBA276219}"
EndProject
Project("{9A19103F-16F7-4668-BE54-9A1E7A4F7556}") = "Patterns", "Infrastructure\Patterns\Patterns.csproj", "{87B2DCC7-95D2-44FB-ADB4-49D8D7D0EE6C}"
EndProject
Project("{9A19103F-16F7-4668-BE54-9A1E7A4F7556}") = "IntegrationTesting", "Infrastructure\IntegrationTesting\IntegrationTesting.csproj", "{04ACD754-DD19-4730-889B-AF0334E1DDC7}"
EndProject
Project("{2150E333-8FDC-42A3-9474-1A3956D46DE8}") = "Tests", "Tests", "{3071C084-A42C-4A81-9DE4-0CEF993CDD66}"
EndProject
Project("{9A19103F-16F7-4668-BE54-9A1E7A4F7556}") = "StartupTests", "ServiceInfrastructure\Tests\StartupTests\StartupTests.csproj", "{5629BA21-E176-4129-A55A-F3A34DB918E4}"
EndProject
Project("{2150E333-8FDC-42A3-9474-1A3956D46DE8}") = "ExceptionHandling", "ExceptionHandling", "{C7238111-7795-448A-B2FF-D8D7CB51E04E}"
EndProject
Project("{9A19103F-16F7-4668-BE54-9A1E7A4F7556}") = "ExceptionHandling.Service", "ServiceInfrastructure\ExceptionHandling\ExceptionHandling.Service\ExceptionHandling.Service.csproj", "{0C913EC3-87C6-480B-AA56-3A250DF7F29F}"
EndProject
Project("{9A19103F-16F7-4668-BE54-9A1E7A4F7556}") = "ExceptionHandling.ServiceTests", "ServiceInfrastructure\ExceptionHandling\ExceptionHandling.ServiceTests\ExceptionHandling.ServiceTests.csproj", "{913CE5EE-92B6-47CD-837D-177FABCCC10B}"
EndProject
Project("{2150E333-8FDC-42A3-9474-1A3956D46DE8}") = "Business", "Business", "{3EF6C5FC-AB5B-4AB7-ADC5-E7F3E622253B}"
EndProject
Project("{9A19103F-16F7-4668-BE54-9A1E7A4F7556}") = "BusinessLogic", "Business\BusinessLogic\BusinessLogic.csproj", "{EFE2929A-DF01-42A5-AD93-B192F6A4292C}"
EndProject
Project("{9A19103F-16F7-4668-BE54-9A1E7A4F7556}") = "EventBus", "Infrastructure\EventBus\EventBus.csproj", "{633513D0-E454-445E-9CD5-21CF3308A591}"
EndProject
Project("{9A19103F-16F7-4668-BE54-9A1E7A4F7556}") = "DomainEventInfrastructure", "Infrastructure\DomainEventInfrastructure\DomainEventInfrastructure.csproj", "{41978B99-475E-4556-8B35-C3F08FAE59CB}"
EndProject
Project("{9A19103F-16F7-4668-BE54-9A1E7A4F7556}") = "DomainEventInfrastructureTests", "Infrastructure\Tests\DomainEventInfrastructureTests\DomainEventInfrastructureTests.csproj", "{55225BD3-631C-4147-BFD0-690829E38C04}"
EndProject
Project("{9A19103F-16F7-4668-BE54-9A1E7A4F7556}") = "Refit", "Infrastructure\Refit\Refit.csproj", "{C7ED85CB-0C63-4CF2-AB52-546523B87075}"
EndProject
Project("{9A19103F-16F7-4668-BE54-9A1E7A4F7556}") = "SftpClient", "Infrastructure\SftpClient\SftpClient.csproj", "{1DCA66A8-BD64-41B8-9386-E28C6B08C014}"
EndProject
Project("{9A19103F-16F7-4668-BE54-9A1E7A4F7556}") = "SftpClientTests", "Infrastructure\Tests\SftpClientTests\SftpClientTests.csproj", "{430402A3-99B5-4E8D-81D7-95538734E01C}"
EndProject
Project("{9A19103F-16F7-4668-BE54-9A1E7A4F7556}") = "VidyoClient", "Infrastructure\VidyoClient\VidyoClient.csproj", "{D6F04C62-E6FB-481A-977F-20081E8B837A}"
EndProject
Project("{9A19103F-16F7-4668-BE54-9A1E7A4F7556}") = "CommonInfrastructureTests", "Infrastructure\Tests\CommonInfrastructureTests\CommonInfrastructureTests.csproj", "{A98EF952-C8BD-44D2-A7A2-D73852389B14}"
EndProject
Global
	GlobalSection(SolutionConfigurationPlatforms) = preSolution
		Debug|Any CPU = Debug|Any CPU
		Release|Any CPU = Release|Any CPU
	EndGlobalSection
	GlobalSection(ProjectConfigurationPlatforms) = postSolution
		{2F77A83B-D472-4AF7-8717-2F5745155E7E}.Debug|Any CPU.ActiveCfg = Debug|Any CPU
		{2F77A83B-D472-4AF7-8717-2F5745155E7E}.Debug|Any CPU.Build.0 = Debug|Any CPU
		{2F77A83B-D472-4AF7-8717-2F5745155E7E}.Release|Any CPU.ActiveCfg = Release|Any CPU
		{2F77A83B-D472-4AF7-8717-2F5745155E7E}.Release|Any CPU.Build.0 = Release|Any CPU
		{622AAF3C-4783-468E-99E3-34D47AE26FAA}.Debug|Any CPU.ActiveCfg = Debug|Any CPU
		{622AAF3C-4783-468E-99E3-34D47AE26FAA}.Debug|Any CPU.Build.0 = Debug|Any CPU
		{622AAF3C-4783-468E-99E3-34D47AE26FAA}.Release|Any CPU.ActiveCfg = Release|Any CPU
		{622AAF3C-4783-468E-99E3-34D47AE26FAA}.Release|Any CPU.Build.0 = Release|Any CPU
		{37F20125-3B28-4909-BCE2-1BED02B6DEE7}.Debug|Any CPU.ActiveCfg = Debug|Any CPU
		{37F20125-3B28-4909-BCE2-1BED02B6DEE7}.Debug|Any CPU.Build.0 = Debug|Any CPU
		{37F20125-3B28-4909-BCE2-1BED02B6DEE7}.Release|Any CPU.ActiveCfg = Release|Any CPU
		{37F20125-3B28-4909-BCE2-1BED02B6DEE7}.Release|Any CPU.Build.0 = Release|Any CPU
		{71EBB21B-884D-4FF4-BE9F-E5CB3B6EB911}.Debug|Any CPU.ActiveCfg = Debug|Any CPU
		{71EBB21B-884D-4FF4-BE9F-E5CB3B6EB911}.Debug|Any CPU.Build.0 = Debug|Any CPU
		{71EBB21B-884D-4FF4-BE9F-E5CB3B6EB911}.Release|Any CPU.ActiveCfg = Release|Any CPU
		{71EBB21B-884D-4FF4-BE9F-E5CB3B6EB911}.Release|Any CPU.Build.0 = Release|Any CPU
		{254FAFEB-683D-4877-B416-C67036F58084}.Debug|Any CPU.ActiveCfg = Debug|Any CPU
		{254FAFEB-683D-4877-B416-C67036F58084}.Debug|Any CPU.Build.0 = Debug|Any CPU
		{254FAFEB-683D-4877-B416-C67036F58084}.Release|Any CPU.ActiveCfg = Release|Any CPU
		{254FAFEB-683D-4877-B416-C67036F58084}.Release|Any CPU.Build.0 = Release|Any CPU
		{456E3E23-E359-47EB-B2BE-C721AB5EFFBC}.Debug|Any CPU.ActiveCfg = Debug|Any CPU
		{456E3E23-E359-47EB-B2BE-C721AB5EFFBC}.Debug|Any CPU.Build.0 = Debug|Any CPU
		{456E3E23-E359-47EB-B2BE-C721AB5EFFBC}.Release|Any CPU.ActiveCfg = Release|Any CPU
		{456E3E23-E359-47EB-B2BE-C721AB5EFFBC}.Release|Any CPU.Build.0 = Release|Any CPU
		{3C107AFC-146B-4D66-9C07-792A449974C8}.Debug|Any CPU.ActiveCfg = Debug|Any CPU
		{3C107AFC-146B-4D66-9C07-792A449974C8}.Debug|Any CPU.Build.0 = Debug|Any CPU
		{3C107AFC-146B-4D66-9C07-792A449974C8}.Release|Any CPU.ActiveCfg = Release|Any CPU
		{3C107AFC-146B-4D66-9C07-792A449974C8}.Release|Any CPU.Build.0 = Release|Any CPU
		{79822234-A722-4280-AEC2-9BC86C8346FC}.Debug|Any CPU.ActiveCfg = Debug|Any CPU
		{79822234-A722-4280-AEC2-9BC86C8346FC}.Debug|Any CPU.Build.0 = Debug|Any CPU
		{79822234-A722-4280-AEC2-9BC86C8346FC}.Release|Any CPU.ActiveCfg = Release|Any CPU
		{79822234-A722-4280-AEC2-9BC86C8346FC}.Release|Any CPU.Build.0 = Release|Any CPU
		{922527CA-982E-46CB-86A9-331D20B8870B}.Debug|Any CPU.ActiveCfg = Debug|Any CPU
		{922527CA-982E-46CB-86A9-331D20B8870B}.Debug|Any CPU.Build.0 = Debug|Any CPU
		{922527CA-982E-46CB-86A9-331D20B8870B}.Release|Any CPU.ActiveCfg = Release|Any CPU
		{922527CA-982E-46CB-86A9-331D20B8870B}.Release|Any CPU.Build.0 = Release|Any CPU
		{EE3D2C16-595B-42FB-A52E-701E3E200C10}.Debug|Any CPU.ActiveCfg = Debug|Any CPU
		{EE3D2C16-595B-42FB-A52E-701E3E200C10}.Debug|Any CPU.Build.0 = Debug|Any CPU
		{EE3D2C16-595B-42FB-A52E-701E3E200C10}.Release|Any CPU.ActiveCfg = Release|Any CPU
		{EE3D2C16-595B-42FB-A52E-701E3E200C10}.Release|Any CPU.Build.0 = Release|Any CPU
		{328A8FFA-3729-435B-A680-D8DCEEE57139}.Debug|Any CPU.ActiveCfg = Debug|Any CPU
		{328A8FFA-3729-435B-A680-D8DCEEE57139}.Debug|Any CPU.Build.0 = Debug|Any CPU
		{328A8FFA-3729-435B-A680-D8DCEEE57139}.Release|Any CPU.ActiveCfg = Release|Any CPU
		{328A8FFA-3729-435B-A680-D8DCEEE57139}.Release|Any CPU.Build.0 = Release|Any CPU
		{C931660C-10F7-49B0-859F-7680431877C5}.Debug|Any CPU.ActiveCfg = Debug|Any CPU
		{C931660C-10F7-49B0-859F-7680431877C5}.Debug|Any CPU.Build.0 = Debug|Any CPU
		{C931660C-10F7-49B0-859F-7680431877C5}.Release|Any CPU.ActiveCfg = Release|Any CPU
		{C931660C-10F7-49B0-859F-7680431877C5}.Release|Any CPU.Build.0 = Release|Any CPU
		{AD3A1CDB-5F18-4845-BF57-A02BBA276219}.Debug|Any CPU.ActiveCfg = Debug|Any CPU
		{AD3A1CDB-5F18-4845-BF57-A02BBA276219}.Debug|Any CPU.Build.0 = Debug|Any CPU
		{AD3A1CDB-5F18-4845-BF57-A02BBA276219}.Release|Any CPU.ActiveCfg = Release|Any CPU
		{AD3A1CDB-5F18-4845-BF57-A02BBA276219}.Release|Any CPU.Build.0 = Release|Any CPU
		{87B2DCC7-95D2-44FB-ADB4-49D8D7D0EE6C}.Debug|Any CPU.ActiveCfg = Debug|Any CPU
		{87B2DCC7-95D2-44FB-ADB4-49D8D7D0EE6C}.Debug|Any CPU.Build.0 = Debug|Any CPU
		{87B2DCC7-95D2-44FB-ADB4-49D8D7D0EE6C}.Release|Any CPU.ActiveCfg = Release|Any CPU
		{87B2DCC7-95D2-44FB-ADB4-49D8D7D0EE6C}.Release|Any CPU.Build.0 = Release|Any CPU
		{04ACD754-DD19-4730-889B-AF0334E1DDC7}.Debug|Any CPU.ActiveCfg = Debug|Any CPU
		{04ACD754-DD19-4730-889B-AF0334E1DDC7}.Debug|Any CPU.Build.0 = Debug|Any CPU
		{04ACD754-DD19-4730-889B-AF0334E1DDC7}.Release|Any CPU.ActiveCfg = Release|Any CPU
		{04ACD754-DD19-4730-889B-AF0334E1DDC7}.Release|Any CPU.Build.0 = Release|Any CPU
		{5629BA21-E176-4129-A55A-F3A34DB918E4}.Debug|Any CPU.ActiveCfg = Debug|Any CPU
		{5629BA21-E176-4129-A55A-F3A34DB918E4}.Debug|Any CPU.Build.0 = Debug|Any CPU
		{5629BA21-E176-4129-A55A-F3A34DB918E4}.Release|Any CPU.ActiveCfg = Release|Any CPU
		{5629BA21-E176-4129-A55A-F3A34DB918E4}.Release|Any CPU.Build.0 = Release|Any CPU
		{0C913EC3-87C6-480B-AA56-3A250DF7F29F}.Debug|Any CPU.ActiveCfg = Debug|Any CPU
		{0C913EC3-87C6-480B-AA56-3A250DF7F29F}.Debug|Any CPU.Build.0 = Debug|Any CPU
		{0C913EC3-87C6-480B-AA56-3A250DF7F29F}.Release|Any CPU.ActiveCfg = Release|Any CPU
		{0C913EC3-87C6-480B-AA56-3A250DF7F29F}.Release|Any CPU.Build.0 = Release|Any CPU
		{913CE5EE-92B6-47CD-837D-177FABCCC10B}.Debug|Any CPU.ActiveCfg = Debug|Any CPU
		{913CE5EE-92B6-47CD-837D-177FABCCC10B}.Debug|Any CPU.Build.0 = Debug|Any CPU
		{913CE5EE-92B6-47CD-837D-177FABCCC10B}.Release|Any CPU.ActiveCfg = Release|Any CPU
		{913CE5EE-92B6-47CD-837D-177FABCCC10B}.Release|Any CPU.Build.0 = Release|Any CPU
		{EFE2929A-DF01-42A5-AD93-B192F6A4292C}.Debug|Any CPU.ActiveCfg = Debug|Any CPU
		{EFE2929A-DF01-42A5-AD93-B192F6A4292C}.Debug|Any CPU.Build.0 = Debug|Any CPU
		{EFE2929A-DF01-42A5-AD93-B192F6A4292C}.Release|Any CPU.ActiveCfg = Release|Any CPU
		{EFE2929A-DF01-42A5-AD93-B192F6A4292C}.Release|Any CPU.Build.0 = Release|Any CPU
		{633513D0-E454-445E-9CD5-21CF3308A591}.Debug|Any CPU.ActiveCfg = Debug|Any CPU
		{633513D0-E454-445E-9CD5-21CF3308A591}.Debug|Any CPU.Build.0 = Debug|Any CPU
		{633513D0-E454-445E-9CD5-21CF3308A591}.Release|Any CPU.ActiveCfg = Release|Any CPU
		{633513D0-E454-445E-9CD5-21CF3308A591}.Release|Any CPU.Build.0 = Release|Any CPU
		{41978B99-475E-4556-8B35-C3F08FAE59CB}.Debug|Any CPU.ActiveCfg = Debug|Any CPU
		{41978B99-475E-4556-8B35-C3F08FAE59CB}.Debug|Any CPU.Build.0 = Debug|Any CPU
		{41978B99-475E-4556-8B35-C3F08FAE59CB}.Release|Any CPU.ActiveCfg = Release|Any CPU
		{41978B99-475E-4556-8B35-C3F08FAE59CB}.Release|Any CPU.Build.0 = Release|Any CPU
		{55225BD3-631C-4147-BFD0-690829E38C04}.Debug|Any CPU.ActiveCfg = Debug|Any CPU
		{55225BD3-631C-4147-BFD0-690829E38C04}.Debug|Any CPU.Build.0 = Debug|Any CPU
		{55225BD3-631C-4147-BFD0-690829E38C04}.Release|Any CPU.ActiveCfg = Release|Any CPU
		{55225BD3-631C-4147-BFD0-690829E38C04}.Release|Any CPU.Build.0 = Release|Any CPU
		{C7ED85CB-0C63-4CF2-AB52-546523B87075}.Debug|Any CPU.ActiveCfg = Debug|Any CPU
		{C7ED85CB-0C63-4CF2-AB52-546523B87075}.Debug|Any CPU.Build.0 = Debug|Any CPU
		{C7ED85CB-0C63-4CF2-AB52-546523B87075}.Release|Any CPU.ActiveCfg = Release|Any CPU
		{C7ED85CB-0C63-4CF2-AB52-546523B87075}.Release|Any CPU.Build.0 = Release|Any CPU
		{1DCA66A8-BD64-41B8-9386-E28C6B08C014}.Debug|Any CPU.ActiveCfg = Debug|Any CPU
		{1DCA66A8-BD64-41B8-9386-E28C6B08C014}.Debug|Any CPU.Build.0 = Debug|Any CPU
		{1DCA66A8-BD64-41B8-9386-E28C6B08C014}.Release|Any CPU.ActiveCfg = Release|Any CPU
		{1DCA66A8-BD64-41B8-9386-E28C6B08C014}.Release|Any CPU.Build.0 = Release|Any CPU
		{430402A3-99B5-4E8D-81D7-95538734E01C}.Debug|Any CPU.ActiveCfg = Debug|Any CPU
		{430402A3-99B5-4E8D-81D7-95538734E01C}.Debug|Any CPU.Build.0 = Debug|Any CPU
		{430402A3-99B5-4E8D-81D7-95538734E01C}.Release|Any CPU.ActiveCfg = Release|Any CPU
		{430402A3-99B5-4E8D-81D7-95538734E01C}.Release|Any CPU.Build.0 = Release|Any CPU
		{D6F04C62-E6FB-481A-977F-20081E8B837A}.Debug|Any CPU.ActiveCfg = Debug|Any CPU
		{D6F04C62-E6FB-481A-977F-20081E8B837A}.Debug|Any CPU.Build.0 = Debug|Any CPU
		{D6F04C62-E6FB-481A-977F-20081E8B837A}.Release|Any CPU.ActiveCfg = Release|Any CPU
		{D6F04C62-E6FB-481A-977F-20081E8B837A}.Release|Any CPU.Build.0 = Release|Any CPU
		{A98EF952-C8BD-44D2-A7A2-D73852389B14}.Debug|Any CPU.ActiveCfg = Debug|Any CPU
		{A98EF952-C8BD-44D2-A7A2-D73852389B14}.Debug|Any CPU.Build.0 = Debug|Any CPU
		{A98EF952-C8BD-44D2-A7A2-D73852389B14}.Release|Any CPU.ActiveCfg = Release|Any CPU
		{A98EF952-C8BD-44D2-A7A2-D73852389B14}.Release|Any CPU.Build.0 = Release|Any CPU
	EndGlobalSection
	GlobalSection(SolutionProperties) = preSolution
		HideSolutionNode = FALSE
	EndGlobalSection
	GlobalSection(NestedProjects) = preSolution
		{6D9FE213-8B4F-412C-B95C-091CC1F91090} = {6F4D7976-E56F-426E-9D87-9986D8ED51A2}
		{2F77A83B-D472-4AF7-8717-2F5745155E7E} = {37256B79-8725-447E-8753-F98A71E19C9F}
		{622AAF3C-4783-468E-99E3-34D47AE26FAA} = {6D9FE213-8B4F-412C-B95C-091CC1F91090}
		{3DAB07F9-0ACD-4836-A78E-73FDA6DDD5CC} = {6F4D7976-E56F-426E-9D87-9986D8ED51A2}
		{37F20125-3B28-4909-BCE2-1BED02B6DEE7} = {3DAB07F9-0ACD-4836-A78E-73FDA6DDD5CC}
		{71EBB21B-884D-4FF4-BE9F-E5CB3B6EB911} = {6F4D7976-E56F-426E-9D87-9986D8ED51A2}
		{254FAFEB-683D-4877-B416-C67036F58084} = {6F4D7976-E56F-426E-9D87-9986D8ED51A2}
		{456E3E23-E359-47EB-B2BE-C721AB5EFFBC} = {37256B79-8725-447E-8753-F98A71E19C9F}
		{3C107AFC-146B-4D66-9C07-792A449974C8} = {6D9FE213-8B4F-412C-B95C-091CC1F91090}
		{EDC8AE6C-BC3B-430B-B6F5-45E12FB85C89} = {6D9FE213-8B4F-412C-B95C-091CC1F91090}
		{79822234-A722-4280-AEC2-9BC86C8346FC} = {EDC8AE6C-BC3B-430B-B6F5-45E12FB85C89}
		{922527CA-982E-46CB-86A9-331D20B8870B} = {EDC8AE6C-BC3B-430B-B6F5-45E12FB85C89}
		{EE3D2C16-595B-42FB-A52E-701E3E200C10} = {BC78D3C3-9399-489A-BB2F-5E70F9AC29E6}
		{87F51DBA-C59B-4045-9BC9-BD9E6529984F} = {BC78D3C3-9399-489A-BB2F-5E70F9AC29E6}
		{328A8FFA-3729-435B-A680-D8DCEEE57139} = {87F51DBA-C59B-4045-9BC9-BD9E6529984F}
		{754B0FD5-E632-4FD0-9ABC-254BACDBA803} = {6F4D7976-E56F-426E-9D87-9986D8ED51A2}
		{C931660C-10F7-49B0-859F-7680431877C5} = {754B0FD5-E632-4FD0-9ABC-254BACDBA803}
		{AD3A1CDB-5F18-4845-BF57-A02BBA276219} = {6F4D7976-E56F-426E-9D87-9986D8ED51A2}
		{87B2DCC7-95D2-44FB-ADB4-49D8D7D0EE6C} = {6F4D7976-E56F-426E-9D87-9986D8ED51A2}
		{04ACD754-DD19-4730-889B-AF0334E1DDC7} = {6F4D7976-E56F-426E-9D87-9986D8ED51A2}
		{3071C084-A42C-4A81-9DE4-0CEF993CDD66} = {37256B79-8725-447E-8753-F98A71E19C9F}
		{5629BA21-E176-4129-A55A-F3A34DB918E4} = {3071C084-A42C-4A81-9DE4-0CEF993CDD66}
		{C7238111-7795-448A-B2FF-D8D7CB51E04E} = {37256B79-8725-447E-8753-F98A71E19C9F}
		{0C913EC3-87C6-480B-AA56-3A250DF7F29F} = {C7238111-7795-448A-B2FF-D8D7CB51E04E}
		{913CE5EE-92B6-47CD-837D-177FABCCC10B} = {C7238111-7795-448A-B2FF-D8D7CB51E04E}
		{EFE2929A-DF01-42A5-AD93-B192F6A4292C} = {3EF6C5FC-AB5B-4AB7-ADC5-E7F3E622253B}
		{633513D0-E454-445E-9CD5-21CF3308A591} = {6F4D7976-E56F-426E-9D87-9986D8ED51A2}
		{41978B99-475E-4556-8B35-C3F08FAE59CB} = {6F4D7976-E56F-426E-9D87-9986D8ED51A2}
		{55225BD3-631C-4147-BFD0-690829E38C04} = {754B0FD5-E632-4FD0-9ABC-254BACDBA803}
		{C7ED85CB-0C63-4CF2-AB52-546523B87075} = {6F4D7976-E56F-426E-9D87-9986D8ED51A2}
		{1DCA66A8-BD64-41B8-9386-E28C6B08C014} = {6F4D7976-E56F-426E-9D87-9986D8ED51A2}
		{430402A3-99B5-4E8D-81D7-95538734E01C} = {754B0FD5-E632-4FD0-9ABC-254BACDBA803}
		{D6F04C62-E6FB-481A-977F-20081E8B837A} = {6F4D7976-E56F-426E-9D87-9986D8ED51A2}
		{A98EF952-C8BD-44D2-A7A2-D73852389B14} = {754B0FD5-E632-4FD0-9ABC-254BACDBA803}
	EndGlobalSection
	GlobalSection(ExtensibilityGlobals) = postSolution
		SolutionGuid = {C55F6798-76E9-409B-B7F5-C7FA66247867}
	EndGlobalSection
EndGlobal
